
Microsoft Visual Studio Solution File, Format Version 12.00
# Visual Studio 14
VisualStudioVersion = 14.0.23107.0
MinimumVisualStudioVersion = 10.0.40219.1
Project("{FAE04EC0-301F-11D3-BF4B-00C04F79EFBC}") = "LendingLibrary.Web", "LendingLibrary.Web\LendingLibrary.Web.csproj", "{E9278D45-E1A1-4CF4-8B7D-901ACC77E553}"
EndProject
Project("{FAE04EC0-301F-11D3-BF4B-00C04F79EFBC}") = "LendingLibrary.Web.Tests", "LendingLibrary.Web.Tests\LendingLibrary.Web.Tests.csproj", "{5D9A1248-8656-462C-843F-A1BE47408ABE}"
EndProject
Project("{FAE04EC0-301F-11D3-BF4B-00C04F79EFBC}") = "LendingLibrary.Core", "LendingLibrary.Core\LendingLibrary.Core.csproj", "{CABD6507-5265-4FDB-8058-E6475CCEDF13}"
EndProject
Project("{FAE04EC0-301F-11D3-BF4B-00C04F79EFBC}") = "LendingLibrary.DB", "LendingLibrary.DB\LendingLibrary.DB.csproj", "{83116603-E399-460C-8B86-6D67CEC6DA9B}"
EndProject
Project("{FAE04EC0-301F-11D3-BF4B-00C04F79EFBC}") = "LendingLibrary.DB.Migrations", "LendingLibrary.DB.Migrations\LendingLibrary.DB.Migrations.csproj", "{F2C8FB6D-B228-4E78-8541-37DD8EDAE9BC}"
EndProject
Project("{FAE04EC0-301F-11D3-BF4B-00C04F79EFBC}") = "LendingLibrary.DB.Tests", "LendingLibrary.DB.Tests\LendingLibrary.DB.Tests.csproj", "{E84A820B-829F-4372-8117-B402CD446CB3}"
EndProject
Global
	GlobalSection(SolutionConfigurationPlatforms) = preSolution
		Debug|Any CPU = Debug|Any CPU
		Release|Any CPU = Release|Any CPU
	EndGlobalSection
	GlobalSection(ProjectConfigurationPlatforms) = postSolution
		{E9278D45-E1A1-4CF4-8B7D-901ACC77E553}.Debug|Any CPU.ActiveCfg = Debug|Any CPU
		{E9278D45-E1A1-4CF4-8B7D-901ACC77E553}.Debug|Any CPU.Build.0 = Debug|Any CPU
		{E9278D45-E1A1-4CF4-8B7D-901ACC77E553}.Release|Any CPU.ActiveCfg = Release|Any CPU
		{E9278D45-E1A1-4CF4-8B7D-901ACC77E553}.Release|Any CPU.Build.0 = Release|Any CPU
		{5D9A1248-8656-462C-843F-A1BE47408ABE}.Debug|Any CPU.ActiveCfg = Debug|Any CPU
		{5D9A1248-8656-462C-843F-A1BE47408ABE}.Debug|Any CPU.Build.0 = Debug|Any CPU
		{5D9A1248-8656-462C-843F-A1BE47408ABE}.Release|Any CPU.ActiveCfg = Release|Any CPU
		{5D9A1248-8656-462C-843F-A1BE47408ABE}.Release|Any CPU.Build.0 = Release|Any CPU
		{CABD6507-5265-4FDB-8058-E6475CCEDF13}.Debug|Any CPU.ActiveCfg = Debug|Any CPU
		{CABD6507-5265-4FDB-8058-E6475CCEDF13}.Debug|Any CPU.Build.0 = Debug|Any CPU
		{CABD6507-5265-4FDB-8058-E6475CCEDF13}.Release|Any CPU.ActiveCfg = Release|Any CPU
		{CABD6507-5265-4FDB-8058-E6475CCEDF13}.Release|Any CPU.Build.0 = Release|Any CPU
		{83116603-E399-460C-8B86-6D67CEC6DA9B}.Debug|Any CPU.ActiveCfg = Debug|Any CPU
		{83116603-E399-460C-8B86-6D67CEC6DA9B}.Debug|Any CPU.Build.0 = Debug|Any CPU
		{83116603-E399-460C-8B86-6D67CEC6DA9B}.Release|Any CPU.ActiveCfg = Release|Any CPU
		{83116603-E399-460C-8B86-6D67CEC6DA9B}.Release|Any CPU.Build.0 = Release|Any CPU
		{F2C8FB6D-B228-4E78-8541-37DD8EDAE9BC}.Debug|Any CPU.ActiveCfg = Debug|Any CPU
		{F2C8FB6D-B228-4E78-8541-37DD8EDAE9BC}.Debug|Any CPU.Build.0 = Debug|Any CPU
		{F2C8FB6D-B228-4E78-8541-37DD8EDAE9BC}.Release|Any CPU.ActiveCfg = Release|Any CPU
		{F2C8FB6D-B228-4E78-8541-37DD8EDAE9BC}.Release|Any CPU.Build.0 = Release|Any CPU
		{E84A820B-829F-4372-8117-B402CD446CB3}.Debug|Any CPU.ActiveCfg = Debug|Any CPU
		{E84A820B-829F-4372-8117-B402CD446CB3}.Debug|Any CPU.Build.0 = Debug|Any CPU
		{E84A820B-829F-4372-8117-B402CD446CB3}.Release|Any CPU.ActiveCfg = Release|Any CPU
		{E84A820B-829F-4372-8117-B402CD446CB3}.Release|Any CPU.Build.0 = Release|Any CPU
	EndGlobalSection
	GlobalSection(SolutionProperties) = preSolution
		HideSolutionNode = FALSE
	EndGlobalSection
EndGlobal
